
Microsoft Visual Studio Solution File, Format Version 12.00
# Visual Studio 15
VisualStudioVersion = 15.0.27703.2026
MinimumVisualStudioVersion = 10.0.40219.1
Project("{FAE04EC0-301F-11D3-BF4B-00C04F79EFBC}") = "RP", "RP\RP.csproj", "{D72CDCCF-BE99-4100-A4AF-1B936392CEEB}"
EndProject
Global
	GlobalSection(SolutionConfigurationPlatforms) = preSolution
		Debug|Any CPU = Debug|Any CPU
		Release|Any CPU = Release|Any CPU
	EndGlobalSection
	GlobalSection(ProjectConfigurationPlatforms) = postSolution
		{D72CDCCF-BE99-4100-A4AF-1B936392CEEB}.Debug|Any CPU.ActiveCfg = Debug|Any CPU
		{D72CDCCF-BE99-4100-A4AF-1B936392CEEB}.Debug|Any CPU.Build.0 = Debug|Any CPU
		{D72CDCCF-BE99-4100-A4AF-1B936392CEEB}.Release|Any CPU.ActiveCfg = Release|Any CPU
		{D72CDCCF-BE99-4100-A4AF-1B936392CEEB}.Release|Any CPU.Build.0 = Release|Any CPU
	EndGlobalSection
	GlobalSection(SolutionProperties) = preSolution
		HideSolutionNode = FALSE
	EndGlobalSection
	GlobalSection(ExtensibilityGlobals) = postSolution
		SolutionGuid = {FF25A419-3979-483C-B96A-668A331EDD3F}
	EndGlobalSection
EndGlobal
